{
    "version": 3,
    "terraform_version": "0.9.11",
    "serial": 35,
    "lineage": "7c0ac803-2901-43b1-af3d-0890d411a765",
    "modules": [
        {
            "path": [
                "root"
            ],
            "outputs": {
                "aviatrixcontroller-private-ip": {
                    "sensitive": false,
                    "type": "string",
                    "value": "10.0.1.175"
                },
                "aviatrixcontroller-public-ip": {
                    "sensitive": false,
                    "type": "string",
                    "value": ""
                },
                "iperf-client-private-ip": {
                    "sensitive": false,
                    "type": "string",
                    "value": "192.168.1.199"
                },
                "iperf-client-public-ip": {
                    "sensitive": false,
                    "type": "string",
                    "value": ""
                },
                "iperf-server-private-ip": {
                    "sensitive": false,
                    "type": "string",
                    "value": "10.0.1.55"
                },
                "iperf-server-public-ip": {
                    "sensitive": false,
                    "type": "string",
                    "value": ""
                }
            },
            "resources": {},
            "depends_on": []
        },
        {
            "path": [
                "root",
                "aviatrixcontroller"
            ],
            "outputs": {
                "private-ip": {
                    "sensitive": false,
                    "type": "string",
                    "value": "10.0.1.175"
                },
                "public-ip": {
                    "sensitive": false,
                    "type": "string",
                    "value": ""
                }
            },
            "resources": {
                "aws_eip.controller_eip": {
                    "type": "aws_eip",
                    "depends_on": [],
                    "primary": {
                        "id": "eipalloc-74ed805a",
                        "attributes": {
                            "association_id": "",
                            "domain": "vpc",
                            "id": "eipalloc-74ed805a",
                            "instance": "",
                            "network_interface": "",
                            "private_ip": "",
                            "public_ip": "52.60.232.133",
                            "vpc": "true"
                        },
                        "meta": {},
                        "tainted": false
                    },
                    "deposed": [],
                    "provider": ""
                },
                "aws_eip_association.eip_assoc": {
                    "type": "aws_eip_association",
                    "depends_on": [
                        "aws_eip.controller_eip",
                        "aws_instance.aviatrixcontroller"
                    ],
                    "primary": {
                        "id": "eipassoc-21a4cf0f",
                        "attributes": {
                            "allocation_id": "eipalloc-74ed805a",
                            "id": "eipassoc-21a4cf0f",
                            "instance_id": "i-09d5702ceb883e641",
                            "network_interface_id": "eni-f01f48ac",
                            "private_ip_address": "10.0.1.175",
                            "public_ip": "52.60.232.133"
                        },
                        "meta": {},
                        "tainted": false
                    },
                    "deposed": [],
                    "provider": ""
                },
                "aws_iam_instance_profile.aviatrix-role-ec2_profile": {
                    "type": "aws_iam_instance_profile",
                    "depends_on": [],
                    "primary": {
                        "id": "aviatrix-role-ec2_profile",
                        "attributes": {
                            "arn": "arn:aws:iam::783781900519:instance-profile/aviatrix-role-ec2_profile",
                            "id": "aviatrix-role-ec2_profile",
                            "name": "aviatrix-role-ec2_profile",
                            "path": "/",
                            "role": "aviatrix-role-ec2",
                            "roles.#": "1",
                            "roles.3161194675": "aviatrix-role-ec2",
                            "unique_id": "AIPAJ2PG2KENX7NEB6UYE"
                        },
                        "meta": {},
                        "tainted": false
                    },
                    "deposed": [],
                    "provider": ""
                },
                "aws_instance.aviatrixcontroller": {
                    "type": "aws_instance",
                    "depends_on": [
                        "aws_iam_instance_profile.aviatrix-role-ec2_profile",
                        "aws_network_interface.eni-controller"
                    ],
                    "primary": {
                        "id": "i-09d5702ceb883e641",
                        "attributes": {
                            "ami": "ami-2dc57749",
                            "associate_public_ip_address": "false",
                            "availability_zone": "ca-central-1a",
                            "disable_api_termination": "false",
                            "ebs_block_device.#": "0",
                            "ebs_optimized": "false",
                            "ephemeral_block_device.#": "0",
                            "iam_instance_profile": "aviatrix-role-ec2_profile",
                            "id": "i-09d5702ceb883e641",
                            "instance_state": "running",
                            "instance_type": "t2.large",
                            "ipv6_addresses.#": "0",
                            "key_name": "AviatrixDemo",
                            "monitoring": "false",
                            "network_interface.#": "1",
                            "network_interface.71475042.delete_on_termination": "false",
                            "network_interface.71475042.device_index": "0",
                            "network_interface.71475042.network_interface_id": "eni-f01f48ac",
                            "network_interface_id": "eni-f01f48ac",
                            "primary_network_interface_id": "eni-f01f48ac",
                            "private_dns": "ip-10-0-1-175.ca-central-1.compute.internal",
                            "private_ip": "10.0.1.175",
                            "public_dns": "",
                            "public_ip": "",
                            "root_block_device.#": "1",
                            "root_block_device.0.delete_on_termination": "true",
                            "root_block_device.0.iops": "100",
                            "root_block_device.0.volume_size": "16",
                            "root_block_device.0.volume_type": "gp2",
                            "security_groups.#": "0",
                            "source_dest_check": "true",
                            "subnet_id": "subnet-7d0d7114",
                            "tags.%": "2",
                            "tags.Createdby": "Terraform+Aviatrix",
                            "tags.Name": "AviatrixController",
                            "tenancy": "default",
                            "volume_tags.%": "0",
                            "vpc_security_group_ids.#": "1",
                            "vpc_security_group_ids.1624953231": "sg-caeed7a3"
                        },
                        "meta": {
                            "e2bfb730-ecaa-11e6-8f88-34363bc7c4c0": {
                                "create": 600000000000,
                                "delete": 600000000000,
                                "update": 600000000000
                            },
                            "schema_version": "1"
                        },
                        "tainted": false
                    },
                    "deposed": [],
                    "provider": ""
                },
                "aws_network_interface.eni-controller": {
                    "type": "aws_network_interface",
                    "depends_on": [
                        "aws_security_group.AviatrixSecurityGroup"
                    ],
                    "primary": {
                        "id": "eni-f01f48ac",
                        "attributes": {
                            "attachment.#": "0",
                            "description": "",
                            "id": "eni-f01f48ac",
                            "private_ip": "10.0.1.175",
                            "private_ips.#": "1",
                            "private_ips.201478745": "10.0.1.175",
                            "security_groups.#": "1",
                            "security_groups.1624953231": "sg-caeed7a3",
                            "source_dest_check": "true",
                            "subnet_id": "subnet-7d0d7114",
                            "tags.%": "2",
                            "tags.Createdby": "Terraform+Aviatrix",
                            "tags.Name": "Aviatrix Controller interface"
                        },
                        "meta": {},
                        "tainted": false
                    },
                    "deposed": [],
                    "provider": ""
                },
                "aws_security_group.AviatrixSecurityGroup": {
                    "type": "aws_security_group",
                    "depends_on": [],
                    "primary": {
                        "id": "sg-caeed7a3",
                        "attributes": {
                            "description": "Aviatrix - Controller Security Group",
                            "egress.#": "0",
                            "id": "sg-caeed7a3",
                            "ingress.#": "0",
                            "name": "AviatrixSecurityGroup",
                            "owner_id": "783781900519",
                            "tags.%": "2",
                            "tags.Createdby": "Terraform+Aviatrix",
                            "tags.Name": "AviatrixSecurityGroup",
                            "vpc_id": "vpc-b54b26dc"
                        },
                        "meta": {},
                        "tainted": false
                    },
                    "deposed": [],
                    "provider": ""
                },
                "aws_security_group_rule.egress_rule": {
                    "type": "aws_security_group_rule",
                    "depends_on": [
                        "aws_security_group.AviatrixSecurityGroup"
                    ],
                    "primary": {
                        "id": "sgrule-2195732137",
                        "attributes": {
                            "cidr_blocks.#": "1",
                            "cidr_blocks.0": "0.0.0.0/0",
                            "from_port": "0",
                            "id": "sgrule-2195732137",
                            "protocol": "-1",
                            "security_group_id": "sg-caeed7a3",
                            "self": "false",
                            "to_port": "0",
                            "type": "egress"
                        },
                        "meta": {
                            "schema_version": "2"
                        },
                        "tainted": false
                    },
                    "deposed": [],
                    "provider": ""
                },
                "aws_security_group_rule.ingress_rule": {
                    "type": "aws_security_group_rule",
                    "depends_on": [
                        "aws_security_group.AviatrixSecurityGroup"
                    ],
                    "primary": {
                        "id": "sgrule-2132784505",
                        "attributes": {
                            "cidr_blocks.#": "1",
                            "cidr_blocks.0": "0.0.0.0/0",
                            "from_port": "443",
                            "id": "sgrule-2132784505",
                            "protocol": "tcp",
                            "security_group_id": "sg-caeed7a3",
                            "self": "false",
                            "to_port": "443",
                            "type": "ingress"
                        },
                        "meta": {
                            "schema_version": "2"
                        },
                        "tainted": false
                    },
                    "deposed": [],
                    "provider": ""
                }
            },
            "depends_on": []
        },
        {
            "path": [
                "root",
                "iam_roles"
            ],
            "outputs": {
                "aviatrix-role-app": {
                    "sensitive": false,
                    "type": "string",
                    "value": "aviatrix-role-app"
                },
                "aviatrix-role-ec2": {
                    "sensitive": false,
                    "type": "string",
                    "value": "aviatrix-role-ec2"
                },
                "aws-account": {
                    "sensitive": false,
                    "type": "string",
                    "value": "783781900519"
                }
            },
            "resources": {
                "aws_iam_policy.aviatrix-app-policy": {
                    "type": "aws_iam_policy",
                    "depends_on": [],
                    "primary": {
                        "id": "arn:aws:iam::783781900519:policy/aviatrix-app-policy",
                        "attributes": {
                            "arn": "arn:aws:iam::783781900519:policy/aviatrix-app-policy",
                            "description": "Policy for creating aviatrix-app-policy",
                            "id": "arn:aws:iam::783781900519:policy/aviatrix-app-policy",
                            "name": "aviatrix-app-policy",
                            "path": "/",
                            "policy": "{\n  \"Version\": \"2012-10-17\",\n  \"Statement\": [\n      {\n          \"Effect\": \"Allow\",\n          \"Action\": [\n              \"ec2:Describe*\",\n              \"elasticloadbalancing:Describe*\",\n              \"route53:List*\",\n              \"route53:Get*\",\n              \"sqs:Get*\",\n              \"sqs:List*\",\n              \"sns:List*\",\n              \"s3:List*\",\n              \"s3:Get*\",\n              \"iam:List*\",\n              \"iam:Get*\"\n          ],\n          \"Resource\": \"*\"\n      },\n      {\n          \"Effect\": \"Allow\",\n          \"Action\": [\n              \"ec2:RunInstances\"\n          ],\n          \"Resource\": \"*\"\n      },\n      {\n          \"Effect\": \"Allow\",\n          \"Action\": \"ec2:RunInstances\",\n          \"Resource\": \"arn:aws:ec2:*:*:image/ami-*\"\n      },\n      {\n          \"Effect\": \"Allow\",\n          \"Action\": \"ec2:RunInstances\",\n          \"Resource\": \"*\"\n      },\n      {\n          \"Effect\": \"Allow\",\n          \"Action\": [\n              \"ec2:DeleteSecurityGroup\",\n              \"ec2:RevokeSecurityGroupEgress\",\n              \"ec2:RevokeSecurityGroupIngress\",\n              \"ec2:AuthorizeSecurityGroup*\",\n              \"ec2:CreateSecurityGroup\",\n              \"ec2:AssociateRouteTable\",\n              \"ec2:CreateRoute\",\n              \"ec2:CreateRouteTable\",\n              \"ec2:DeleteRoute\",\n              \"ec2:DeleteRouteTable\",\n              \"ec2:DisassociateRouteTable\",\n              \"ec2:ReplaceRoute\",\n              \"ec2:ReplaceRouteTableAssociation\"\n          ],\n          \"Resource\": \"*\"\n      },\n      {\n          \"Effect\": \"Allow\",\n          \"Action\": [\n              \"ec2:AllocateAddress\",\n              \"ec2:AssociateAddress\",\n              \"ec2:DisassociateAddress\",\n              \"ec2:ReleaseAddress\",\n              \"ec2:AssignPrivateIpAddresses\",\n              \"ec2:AttachNetworkInterface\",\n              \"ec2:CreateNetworkInterface\",\n              \"ec2:DeleteNetworkInterface\",\n              \"ec2:DetachNetworkInterface\",\n              \"ec2:ModifyNetworkInterfaceAttribute\",\n              \"ec2:ResetNetworkInterfaceAttribute\",\n              \"ec2:UnassignPrivateIpAddresses\",\n              \"ec2:ModifyInstanceAttribute\",\n              \"ec2:MonitorInstances\",\n              \"ec2:RebootInstances\",\n              \"ec2:ReportInstanceStatus\",\n              \"ec2:ResetInstanceAttribute\",\n              \"ec2:StartInstances\",\n              \"ec2:StopInstances\",\n              \"ec2:TerminateInstances\",\n              \"ec2:UnmonitorInstances\",\n              \"ec2:AttachInternetGateway\",\n              \"ec2:CreateInternetGateway\",\n              \"ec2:DeleteInternetGateway\",\n              \"ec2:DetachInternetGateway\",\n              \"ec2:CreateKeyPair\",\n              \"ec2:DeleteKeyPair\",\n              \"ec2:CreateSubnet\",\n              \"ec2:DeleteSubnet\",\n              \"ec2:ModifySubnetAttribute\",\n              \"ec2:CreateTags\",\n              \"ec2:DeleteTags\",\n              \"ec2:CreateVpc\",\n              \"ec2:DeleteVpc\",\n              \"ec2:ModifyVpcAttribute\"\n          ],\n          \"Resource\": \"*\"\n      },\n      {\n          \"Effect\": \"Allow\",\n          \"Action\": [\n              \"elasticloadbalancing:ApplySecurityGroupsToLoadBalancer\",\n              \"elasticloadbalancing:AttachLoadBalancerToSubnets\",\n              \"elasticloadbalancing:ConfigureHealthCheck\",\n              \"elasticloadbalancing:CreateLoadBalancer*\",\n              \"elasticloadbalancing:DeleteLoadBalancer*\",\n              \"elasticloadbalancing:DeregisterInstancesFromLoadBalancer\",\n              \"elasticloadbalancing:ModifyLoadBalancerAttributes\",\n              \"elasticloadbalancing:SetLoadBalancerPoliciesForBackendServer\",\n              \"elasticloadbalancing:RegisterInstancesWithLoadBalancer\"\n          ],\n          \"Resource\": \"*\"\n      },\n      {\n          \"Effect\": \"Allow\",\n          \"Action\": [\n              \"route53:ChangeResourceRecordSets\",\n              \"route53:CreateHostedZone\",\n              \"route53:DeleteHostedZone\"\n          ],\n          \"Resource\": \"*\"\n      },\n      {\n          \"Effect\": \"Allow\",\n          \"Action\": [\n              \"s3:CreateBucket\",\n              \"s3:DeleteBucket\",\n              \"s3:PutObject\"\n          ],\n          \"Resource\": \"*\"\n      },\n      {\n          \"Effect\": \"Allow\",\n          \"Action\": [\n              \"cloudwatch:DeleteAlarms\",\n              \"cloudwatch:PutMetricAlarm\"\n          ],\n          \"Resource\": \"*\"\n      },\n      {\n          \"Effect\": \"Allow\",\n          \"Action\": [\n              \"sns:CreateTopic\",\n              \"sns:DeleteTopic\",\n              \"sns:Subscribe\",\n              \"sns:Unsubscribe\"\n          ],\n          \"Resource\": \"*\"\n      },\n      {\n          \"Effect\": \"Allow\",\n          \"Action\": [\n              \"sqs:AddPermission\",\n              \"sqs:ChangeMessageVisibility\",\n              \"sqs:CreateQueue\",\n              \"sqs:DeleteMessage\",\n              \"sqs:DeleteQueue\",\n              \"sqs:PurgeQueue\",\n              \"sqs:ReceiveMessage\",\n              \"sqs:RemovePermission\",\n              \"sqs:SendMessage\",\n              \"sqs:SetQueueAttributes\"\n          ],\n          \"Resource\": \"*\"\n      },\n      {\n          \"Effect\": \"Allow\",\n          \"Action\": [\n              \"iam:UpdateAssumeRolePolicy\",\n              \"sts:AssumeRole\"\n          ],\n          \"Resource\": \"arn:aws:iam::*\"\n      },\n      {\n          \"Effect\": \"Allow\",\n          \"Action\": [\n              \"iam:UpdateAssumeRolePolicy\",\n              \"iam:PassRole\",\n              \"iam:AddRoleToInstanceProfile\",\n              \"iam:CreateInstanceProfile\",\n              \"iam:DeleteInstanceProfile\",\n              \"iam:RemoveRoleFromInstanceProfile\"\n          ],\n          \"Resource\": \"*\"\n      }\n  ]\n}\n"
                        },
                        "meta": {},
                        "tainted": false
                    },
                    "deposed": [],
                    "provider": ""
                },
                "aws_iam_policy.aviatrix-assume-role-policy": {
                    "type": "aws_iam_policy",
                    "depends_on": [],
                    "primary": {
                        "id": "arn:aws:iam::783781900519:policy/aviatrix-assume-role-policy",
                        "attributes": {
                            "arn": "arn:aws:iam::783781900519:policy/aviatrix-assume-role-policy",
                            "description": "Policy for creating aviatrix-assume-role-policy",
                            "id": "arn:aws:iam::783781900519:policy/aviatrix-assume-role-policy",
                            "name": "aviatrix-assume-role-policy",
                            "path": "/",
                            "policy": "{\n  \"Version\": \"2012-10-17\",\n  \"Statement\":\n  [\n    {\n      \"Effect\": \"Allow\",\n      \"Action\":\n      [\n        \"iam:UpdateAssumeRolePolicy\",\n        \"sts:AssumeRole\"\n      ],\n      \"Resource\": \"arn:aws:iam::*\"\n    }\n  ]\n}\n"
                        },
                        "meta": {},
                        "tainted": false
                    },
                    "deposed": [],
                    "provider": ""
                },
                "aws_iam_role.aviatrix-role-app": {
                    "type": "aws_iam_role",
                    "depends_on": [
                        "data.aws_caller_identity.current"
                    ],
                    "primary": {
                        "id": "aviatrix-role-app",
                        "attributes": {
                            "arn": "arn:aws:iam::783781900519:role/aviatrix-role-app",
                            "assume_role_policy": "{\"Version\":\"2012-10-17\",\"Statement\":[{\"Effect\":\"Allow\",\"Principal\":{\"AWS\":\"arn:aws:iam::783781900519:root\"},\"Action\":\"sts:AssumeRole\"}]}",
                            "create_date": "2017-08-31T22:33:02Z",
                            "description": "Aviatrix APP - Created by Terraform+Aviatrix",
                            "id": "aviatrix-role-app",
                            "name": "aviatrix-role-app",
                            "path": "/",
                            "unique_id": "AROAJM3JHMQCJHDO2XS4I"
                        },
                        "meta": {},
                        "tainted": false
                    },
                    "deposed": [],
                    "provider": ""
                },
                "aws_iam_role.aviatrix-role-ec2": {
                    "type": "aws_iam_role",
                    "depends_on": [],
                    "primary": {
                        "id": "aviatrix-role-ec2",
                        "attributes": {
                            "arn": "arn:aws:iam::783781900519:role/aviatrix-role-ec2",
                            "assume_role_policy": "{\"Version\":\"2012-10-17\",\"Statement\":[{\"Effect\":\"Allow\",\"Principal\":{\"Service\":\"ec2.amazonaws.com\"},\"Action\":\"sts:AssumeRole\"}]}",
                            "create_date": "2017-08-31T22:33:02Z",
                            "description": "Aviatrix EC2 - Created by Terraform+Aviatrix",
                            "id": "aviatrix-role-ec2",
                            "name": "aviatrix-role-ec2",
                            "path": "/",
                            "unique_id": "AROAICVXSH2HFT32SL5PE"
                        },
                        "meta": {},
                        "tainted": false
                    },
                    "deposed": [],
                    "provider": ""
                },
                "aws_iam_role_policy_attachment.aviatrix-role-app-attach": {
                    "type": "aws_iam_role_policy_attachment",
                    "depends_on": [
                        "aws_iam_policy.aviatrix-app-policy",
                        "aws_iam_role.aviatrix-role-app"
                    ],
                    "primary": {
                        "id": "aviatrix-role-app-00cf76d2af46d9d53846d617bf",
                        "attributes": {
                            "id": "aviatrix-role-app-00cf76d2af46d9d53846d617bf",
                            "policy_arn": "arn:aws:iam::783781900519:policy/aviatrix-app-policy",
                            "role": "aviatrix-role-app"
                        },
                        "meta": {},
                        "tainted": false
                    },
                    "deposed": [],
                    "provider": ""
                },
                "aws_iam_role_policy_attachment.aviatrix-role-ec2-attach": {
                    "type": "aws_iam_role_policy_attachment",
                    "depends_on": [
                        "aws_iam_policy.aviatrix-assume-role-policy",
                        "aws_iam_role.aviatrix-role-ec2"
                    ],
                    "primary": {
                        "id": "aviatrix-role-ec2-00cf76d2af46d9d53846d617be",
                        "attributes": {
                            "id": "aviatrix-role-ec2-00cf76d2af46d9d53846d617be",
                            "policy_arn": "arn:aws:iam::783781900519:policy/aviatrix-assume-role-policy",
                            "role": "aviatrix-role-ec2"
                        },
                        "meta": {},
                        "tainted": false
                    },
                    "deposed": [],
                    "provider": ""
                },
                "data.aws_caller_identity.current": {
                    "type": "aws_caller_identity",
                    "depends_on": [],
                    "primary": {
                        "id": "2017-08-31 22:41:12.735528255 +0000 UTC",
                        "attributes": {
                            "account_id": "783781900519",
                            "arn": "arn:aws:iam::783781900519:user/Yash_terraform",
                            "id": "2017-08-31 22:41:12.735528255 +0000 UTC",
                            "user_id": "AIDAJ5BTIJ3E6UIADGWFC"
                        },
                        "meta": {},
                        "tainted": false
                    },
                    "deposed": [],
                    "provider": ""
                }
            },
            "depends_on": []
        },
        {
            "path": [
                "root",
                "iperf-client"
            ],
            "outputs": {
                "private-ip": {
                    "sensitive": false,
                    "type": "string",
                    "value": "192.168.1.199"
                },
                "public-ip": {
                    "sensitive": false,
                    "type": "string",
                    "value": ""
                }
            },
            "resources": {
                "aws_eip.iperf_eip": {
                    "type": "aws_eip",
                    "depends_on": [],
                    "primary": {
                        "id": "eipalloc-06ef8228",
                        "attributes": {
                            "association_id": "",
                            "domain": "vpc",
                            "id": "eipalloc-06ef8228",
                            "instance": "",
                            "network_interface": "",
                            "private_ip": "",
                            "public_ip": "52.60.217.173",
                            "vpc": "true"
                        },
                        "meta": {},
                        "tainted": false
                    },
                    "deposed": [],
                    "provider": ""
                },
                "aws_eip_association.eip_assoc": {
                    "type": "aws_eip_association",
                    "depends_on": [
                        "aws_eip.iperf_eip",
                        "aws_instance.iperf"
                    ],
                    "primary": {
                        "id": "eipassoc-e8bbd0c6",
                        "attributes": {
                            "allocation_id": "eipalloc-06ef8228",
                            "id": "eipassoc-e8bbd0c6",
                            "instance_id": "i-035bb297b914290e5",
                            "network_interface_id": "eni-e4fab9b6",
                            "private_ip_address": "192.168.1.199",
                            "public_ip": "52.60.217.173"
                        },
                        "meta": {},
                        "tainted": false
                    },
                    "deposed": [],
                    "provider": ""
                },
                "aws_instance.iperf": {
                    "type": "aws_instance",
                    "depends_on": [
                        "aws_network_interface.eni-controller"
                    ],
                    "primary": {
                        "id": "i-035bb297b914290e5",
                        "attributes": {
                            "ami": "ami-b3d965d7",
                            "associate_public_ip_address": "false",
                            "availability_zone": "ca-central-1b",
                            "disable_api_termination": "false",
                            "ebs_block_device.#": "0",
                            "ebs_optimized": "false",
                            "ephemeral_block_device.#": "0",
                            "iam_instance_profile": "",
                            "id": "i-035bb297b914290e5",
                            "instance_state": "running",
                            "instance_type": "t2.micro",
                            "ipv6_addresses.#": "0",
                            "key_name": "AviatrixDemo",
                            "monitoring": "false",
                            "network_interface.#": "1",
                            "network_interface.2291597466.delete_on_termination": "false",
                            "network_interface.2291597466.device_index": "0",
                            "network_interface.2291597466.network_interface_id": "eni-e4fab9b6",
                            "network_interface_id": "eni-e4fab9b6",
                            "primary_network_interface_id": "eni-e4fab9b6",
                            "private_dns": "ip-192-168-1-199.ca-central-1.compute.internal",
                            "private_ip": "192.168.1.199",
                            "public_dns": "",
                            "public_ip": "",
                            "root_block_device.#": "1",
                            "root_block_device.0.delete_on_termination": "true",
                            "root_block_device.0.iops": "100",
                            "root_block_device.0.volume_size": "8",
                            "root_block_device.0.volume_type": "gp2",
                            "security_groups.#": "0",
                            "source_dest_check": "true",
                            "subnet_id": "subnet-7ff66004",
                            "tags.%": "1",
                            "tags.Name": "Client",
                            "tenancy": "default",
                            "user_data": "36772f52a5f09a9b04154c7e84fd050108337b72",
                            "volume_tags.%": "0",
                            "vpc_security_group_ids.#": "1",
                            "vpc_security_group_ids.3737547813": "sg-3ee1d857"
                        },
                        "meta": {
                            "e2bfb730-ecaa-11e6-8f88-34363bc7c4c0": {
                                "create": 600000000000,
                                "delete": 600000000000,
                                "update": 600000000000
                            },
                            "schema_version": "1"
                        },
                        "tainted": false
                    },
                    "deposed": [],
                    "provider": ""
                },
                "aws_network_interface.eni-controller": {
                    "type": "aws_network_interface",
                    "depends_on": [
                        "aws_security_group.iperf-sg"
                    ],
                    "primary": {
                        "id": "eni-e4fab9b6",
                        "attributes": {
                            "attachment.#": "0",
                            "description": "",
                            "id": "eni-e4fab9b6",
                            "private_ip": "192.168.1.199",
                            "private_ips.#": "1",
                            "private_ips.164592949": "192.168.1.199",
                            "security_groups.#": "1",
                            "security_groups.3737547813": "sg-3ee1d857",
                            "source_dest_check": "true",
                            "subnet_id": "subnet-7ff66004",
                            "tags.%": "1",
                            "tags.Name": " Client interface"
                        },
                        "meta": {},
                        "tainted": false
                    },
                    "deposed": [],
                    "provider": ""
                },
                "aws_security_group.iperf-sg": {
                    "type": "aws_security_group",
                    "depends_on": [],
                    "primary": {
                        "id": "sg-3ee1d857",
                        "attributes": {
                            "description": "Iperf - Security Group",
                            "egress.#": "1",
                            "egress.482069346.cidr_blocks.#": "1",
                            "egress.482069346.cidr_blocks.0": "0.0.0.0/0",
                            "egress.482069346.from_port": "0",
                            "egress.482069346.ipv6_cidr_blocks.#": "0",
                            "egress.482069346.prefix_list_ids.#": "0",
                            "egress.482069346.protocol": "-1",
                            "egress.482069346.security_groups.#": "0",
                            "egress.482069346.self": "false",
                            "egress.482069346.to_port": "0",
                            "id": "sg-3ee1d857",
                            "ingress.#": "1",
                            "ingress.482069346.cidr_blocks.#": "1",
                            "ingress.482069346.cidr_blocks.0": "0.0.0.0/0",
                            "ingress.482069346.from_port": "0",
                            "ingress.482069346.ipv6_cidr_blocks.#": "0",
                            "ingress.482069346.protocol": "-1",
                            "ingress.482069346.security_groups.#": "0",
                            "ingress.482069346.self": "false",
                            "ingress.482069346.to_port": "0",
                            "name": "iperf-sg",
                            "owner_id": "783781900519",
                            "tags.%": "1",
                            "tags.Name": "Client-SG",
                            "vpc_id": "vpc-d34825ba"
                        },
                        "meta": {},
                        "tainted": false
                    },
                    "deposed": [],
                    "provider": ""
                }
            },
            "depends_on": []
        },
        {
            "path": [
                "root",
                "iperf-server"
            ],
            "outputs": {
                "private-ip": {
                    "sensitive": false,
                    "type": "string",
                    "value": "10.0.1.55"
                },
                "public-ip": {
                    "sensitive": false,
                    "type": "string",
                    "value": ""
                }
            },
            "resources": {
                "aws_eip.iperf_eip": {
                    "type": "aws_eip",
                    "depends_on": [],
                    "primary": {
                        "id": "eipalloc-b192ff9f",
                        "attributes": {
                            "association_id": "",
                            "domain": "vpc",
                            "id": "eipalloc-b192ff9f",
                            "instance": "",
                            "network_interface": "",
                            "private_ip": "",
                            "public_ip": "35.182.144.203",
                            "vpc": "true"
                        },
                        "meta": {},
                        "tainted": false
                    },
                    "deposed": [],
                    "provider": ""
                },
                "aws_eip_association.eip_assoc": {
                    "type": "aws_eip_association",
                    "depends_on": [
                        "aws_eip.iperf_eip",
                        "aws_instance.iperf"
                    ],
                    "primary": {
                        "id": "eipassoc-ecbbd0c2",
                        "attributes": {
                            "allocation_id": "eipalloc-b192ff9f",
                            "id": "eipassoc-ecbbd0c2",
                            "instance_id": "i-081aa88d016f7eaa4",
                            "network_interface_id": "eni-561e490a",
                            "private_ip_address": "10.0.1.55",
                            "public_ip": "35.182.144.203"
                        },
                        "meta": {},
                        "tainted": false
                    },
                    "deposed": [],
                    "provider": ""
                },
                "aws_instance.iperf": {
                    "type": "aws_instance",
                    "depends_on": [
                        "aws_network_interface.eni-controller"
                    ],
                    "primary": {
                        "id": "i-081aa88d016f7eaa4",
                        "attributes": {
                            "ami": "ami-b3d965d7",
                            "associate_public_ip_address": "false",
                            "availability_zone": "ca-central-1a",
                            "disable_api_termination": "false",
                            "ebs_block_device.#": "0",
                            "ebs_optimized": "false",
                            "ephemeral_block_device.#": "0",
                            "iam_instance_profile": "",
                            "id": "i-081aa88d016f7eaa4",
                            "instance_state": "running",
                            "instance_type": "t2.micro",
                            "ipv6_addresses.#": "0",
                            "key_name": "AviatrixDemo",
                            "monitoring": "false",
                            "network_interface.#": "1",
                            "network_interface.3901937816.delete_on_termination": "false",
                            "network_interface.3901937816.device_index": "0",
                            "network_interface.3901937816.network_interface_id": "eni-561e490a",
                            "network_interface_id": "eni-561e490a",
                            "primary_network_interface_id": "eni-561e490a",
                            "private_dns": "ip-10-0-1-55.ca-central-1.compute.internal",
                            "private_ip": "10.0.1.55",
                            "public_dns": "",
                            "public_ip": "",
                            "root_block_device.#": "1",
                            "root_block_device.0.delete_on_termination": "true",
                            "root_block_device.0.iops": "100",
                            "root_block_device.0.volume_size": "8",
                            "root_block_device.0.volume_type": "gp2",
                            "security_groups.#": "0",
                            "source_dest_check": "true",
                            "subnet_id": "subnet-7d0d7114",
                            "tags.%": "1",
                            "tags.Name": "Server",
                            "tenancy": "default",
                            "user_data": "afbee8009fd39f33caf97310b6853058d3ce6fe9",
                            "volume_tags.%": "0",
                            "vpc_security_group_ids.#": "1",
                            "vpc_security_group_ids.2020975053": "sg-2beed742"
                        },
                        "meta": {
                            "e2bfb730-ecaa-11e6-8f88-34363bc7c4c0": {
                                "create": 600000000000,
                                "delete": 600000000000,
                                "update": 600000000000
                            },
                            "schema_version": "1"
                        },
                        "tainted": false
                    },
                    "deposed": [],
                    "provider": ""
                },
                "aws_network_interface.eni-controller": {
                    "type": "aws_network_interface",
                    "depends_on": [
                        "aws_security_group.iperf-sg"
                    ],
                    "primary": {
                        "id": "eni-561e490a",
                        "attributes": {
                            "attachment.#": "0",
                            "description": "",
                            "id": "eni-561e490a",
                            "private_ip": "10.0.1.55",
                            "private_ips.#": "1",
                            "private_ips.826390000": "10.0.1.55",
                            "security_groups.#": "1",
                            "security_groups.2020975053": "sg-2beed742",
                            "source_dest_check": "true",
                            "subnet_id": "subnet-7d0d7114",
                            "tags.%": "1",
                            "tags.Name": " Server interface"
                        },
                        "meta": {},
                        "tainted": false
                    },
                    "deposed": [],
                    "provider": ""
                },
                "aws_security_group.iperf-sg": {
                    "type": "aws_security_group",
                    "depends_on": [],
                    "primary": {
                        "id": "sg-2beed742",
                        "attributes": {
                            "description": "Iperf - Security Group",
                            "egress.#": "1",
                            "egress.482069346.cidr_blocks.#": "1",
                            "egress.482069346.cidr_blocks.0": "0.0.0.0/0",
                            "egress.482069346.from_port": "0",
                            "egress.482069346.ipv6_cidr_blocks.#": "0",
                            "egress.482069346.prefix_list_ids.#": "0",
                            "egress.482069346.protocol": "-1",
                            "egress.482069346.security_groups.#": "0",
                            "egress.482069346.self": "false",
                            "egress.482069346.to_port": "0",
                            "id": "sg-2beed742",
                            "ingress.#": "1",
                            "ingress.482069346.cidr_blocks.#": "1",
                            "ingress.482069346.cidr_blocks.0": "0.0.0.0/0",
                            "ingress.482069346.from_port": "0",
                            "ingress.482069346.ipv6_cidr_blocks.#": "0",
                            "ingress.482069346.protocol": "-1",
                            "ingress.482069346.security_groups.#": "0",
                            "ingress.482069346.self": "false",
                            "ingress.482069346.to_port": "0",
                            "name": "iperf-sg",
                            "owner_id": "783781900519",
                            "tags.%": "1",
                            "tags.Name": "Server-SG",
                            "vpc_id": "vpc-b54b26dc"
                        },
                        "meta": {},
                        "tainted": false
                    },
                    "deposed": [],
                    "provider": ""
                }
            },
            "depends_on": []
        },
        {
            "path": [
                "root",
                "vpc-client"
            ],
            "outputs": {
                "private_subnet_id": {
                    "sensitive": false,
                    "type": "string",
                    "value": "subnet-45c85e3e"
                },
                "public_subnet_id": {
                    "sensitive": false,
                    "type": "string",
                    "value": "subnet-7ff66004"
                },
                "vpc_id": {
                    "sensitive": false,
                    "type": "string",
                    "value": "vpc-d34825ba"
                }
            },
            "resources": {
                "aws_internet_gateway.main": {
                    "type": "aws_internet_gateway",
                    "depends_on": [
                        "aws_vpc.main"
                    ],
                    "primary": {
                        "id": "igw-41c07f28",
                        "attributes": {
                            "id": "igw-41c07f28",
                            "tags.%": "1",
                            "tags.Name": "test_igw",
                            "vpc_id": "vpc-d34825ba"
                        },
                        "meta": {},
                        "tainted": false
                    },
                    "deposed": [],
                    "provider": ""
                },
                "aws_route_table.private": {
                    "type": "aws_route_table",
                    "depends_on": [
                        "aws_vpc.main"
                    ],
                    "primary": {
                        "id": "rtb-13acd37a",
                        "attributes": {
                            "id": "rtb-13acd37a",
                            "propagating_vgws.#": "0",
                            "route.#": "0",
                            "tags.%": "1",
                            "tags.Name": "Private RT",
                            "vpc_id": "vpc-d34825ba"
                        },
                        "meta": {},
                        "tainted": false
                    },
                    "deposed": [],
                    "provider": ""
                },
                "aws_route_table.public": {
                    "type": "aws_route_table",
                    "depends_on": [
                        "aws_internet_gateway.main",
                        "aws_vpc.main"
                    ],
                    "primary": {
                        "id": "rtb-a5acd3cc",
                        "attributes": {
                            "id": "rtb-a5acd3cc",
                            "propagating_vgws.#": "0",
                            "route.#": "1",
                            "route.2081484913.cidr_block": "0.0.0.0/0",
                            "route.2081484913.egress_only_gateway_id": "",
                            "route.2081484913.gateway_id": "igw-41c07f28",
                            "route.2081484913.instance_id": "",
                            "route.2081484913.ipv6_cidr_block": "",
                            "route.2081484913.nat_gateway_id": "",
                            "route.2081484913.network_interface_id": "",
                            "route.2081484913.vpc_peering_connection_id": "",
                            "tags.%": "1",
                            "tags.Name": "Public RT",
                            "vpc_id": "vpc-d34825ba"
                        },
                        "meta": {},
                        "tainted": false
                    },
                    "deposed": [],
                    "provider": ""
                },
                "aws_route_table.r": {
                    "type": "aws_route_table",
                    "depends_on": [
                        "aws_internet_gateway.main",
                        "aws_vpc.main"
                    ],
                    "primary": {
                        "id": "rtb-1aabd473",
                        "attributes": {
                            "id": "rtb-1aabd473",
                            "propagating_vgws.#": "0",
                            "route.#": "1",
                            "route.2081484913.cidr_block": "0.0.0.0/0",
                            "route.2081484913.egress_only_gateway_id": "",
                            "route.2081484913.gateway_id": "igw-41c07f28",
                            "route.2081484913.instance_id": "",
                            "route.2081484913.ipv6_cidr_block": "",
                            "route.2081484913.nat_gateway_id": "",
                            "route.2081484913.network_interface_id": "",
                            "route.2081484913.vpc_peering_connection_id": "",
                            "tags.%": "1",
                            "tags.Name": "Public RT",
                            "vpc_id": "vpc-d34825ba"
                        },
                        "meta": {},
                        "tainted": false
                    },
                    "deposed": [],
                    "provider": ""
                },
                "aws_route_table_association.private": {
                    "type": "aws_route_table_association",
                    "depends_on": [
                        "aws_route_table.private",
                        "aws_subnet.private"
                    ],
                    "primary": {
                        "id": "rtbassoc-fa80a693",
                        "attributes": {
                            "id": "rtbassoc-fa80a693",
                            "route_table_id": "rtb-13acd37a",
                            "subnet_id": "subnet-45c85e3e"
                        },
                        "meta": {},
                        "tainted": false
                    },
                    "deposed": [],
                    "provider": ""
                },
                "aws_route_table_association.public": {
                    "type": "aws_route_table_association",
                    "depends_on": [
                        "aws_route_table.public",
                        "aws_subnet.public"
                    ],
                    "primary": {
                        "id": "rtbassoc-0a81a763",
                        "attributes": {
                            "id": "rtbassoc-0a81a763",
                            "route_table_id": "rtb-a5acd3cc",
                            "subnet_id": "subnet-7ff66004"
                        },
                        "meta": {},
                        "tainted": false
                    },
                    "deposed": [],
                    "provider": ""
                },
                "aws_subnet.private": {
                    "type": "aws_subnet",
                    "depends_on": [
                        "aws_vpc.main"
                    ],
                    "primary": {
                        "id": "subnet-45c85e3e",
                        "attributes": {
                            "assign_ipv6_address_on_creation": "false",
                            "availability_zone": "ca-central-1b",
                            "cidr_block": "192.168.2.0/24",
                            "id": "subnet-45c85e3e",
                            "map_public_ip_on_launch": "false",
                            "tags.%": "1",
                            "tags.Name": "Private Subnet",
                            "vpc_id": "vpc-d34825ba"
                        },
                        "meta": {
                            "schema_version": "1"
                        },
                        "tainted": false
                    },
                    "deposed": [],
                    "provider": ""
                },
                "aws_subnet.public": {
                    "type": "aws_subnet",
                    "depends_on": [
                        "aws_vpc.main"
                    ],
                    "primary": {
                        "id": "subnet-7ff66004",
                        "attributes": {
                            "assign_ipv6_address_on_creation": "false",
                            "availability_zone": "ca-central-1b",
                            "cidr_block": "192.168.1.0/24",
                            "id": "subnet-7ff66004",
                            "map_public_ip_on_launch": "false",
                            "tags.%": "1",
                            "tags.Name": "Public Subnet",
                            "vpc_id": "vpc-d34825ba"
                        },
                        "meta": {
                            "schema_version": "1"
                        },
                        "tainted": false
                    },
                    "deposed": [],
                    "provider": ""
                },
                "aws_vpc.main": {
                    "type": "aws_vpc",
                    "depends_on": [],
                    "primary": {
                        "id": "vpc-d34825ba",
                        "attributes": {
                            "assign_generated_ipv6_cidr_block": "false",
                            "cidr_block": "192.168.0.0/16",
                            "default_network_acl_id": "acl-41354428",
                            "default_route_table_id": "rtb-51aad538",
                            "default_security_group_id": "sg-d6e1d8bf",
                            "dhcp_options_id": "dopt-a141c8c8",
                            "enable_dns_hostnames": "true",
                            "enable_dns_support": "true",
                            "id": "vpc-d34825ba",
                            "instance_tenancy": "default",
                            "main_route_table_id": "rtb-51aad538",
                            "tags.%": "1",
                            "tags.Name": "test_vpc_ca-central-1"
                        },
                        "meta": {
                            "schema_version": "1"
                        },
                        "tainted": false
                    },
                    "deposed": [],
                    "provider": ""
                }
            },
            "depends_on": []
        },
        {
            "path": [
                "root",
                "vpc-east"
            ],
            "outputs": {
                "private_subnet_id": {
                    "sensitive": false,
                    "type": "string",
                    "value": "subnet-9033c7af"
                },
                "public_subnet_id": {
                    "sensitive": false,
                    "type": "string",
                    "value": "subnet-1232c62d"
                },
                "vpc_id": {
                    "sensitive": false,
                    "type": "string",
                    "value": "vpc-6709391e"
                }
            },
            "resources": {},
            "depends_on": []
        },
        {
            "path": [
                "root",
                "vpc-server"
            ],
            "outputs": {
                "private_subnet_id": {
                    "sensitive": false,
                    "type": "string",
                    "value": "subnet-ddf660a6"
                },
                "public_subnet_id": {
                    "sensitive": false,
                    "type": "string",
                    "value": "subnet-7d0d7114"
                },
                "vpc_id": {
                    "sensitive": false,
                    "type": "string",
                    "value": "vpc-b54b26dc"
                }
            },
            "resources": {
                "aws_internet_gateway.main": {
                    "type": "aws_internet_gateway",
                    "depends_on": [
                        "aws_vpc.main"
                    ],
                    "primary": {
                        "id": "igw-bcc17ed5",
                        "attributes": {
                            "id": "igw-bcc17ed5",
                            "tags.%": "1",
                            "tags.Name": "test_igw",
                            "vpc_id": "vpc-b54b26dc"
                        },
                        "meta": {},
                        "tainted": false
                    },
                    "deposed": [],
                    "provider": ""
                },
                "aws_key_pair.AviatrixDemo": {
                    "type": "aws_key_pair",
                    "depends_on": [],
                    "primary": {
                        "id": "AviatrixDemo",
                        "attributes": {
                            "id": "AviatrixDemo",
                            "key_name": "AviatrixDemo",
                            "public_key": "ssh-rsa AAAAB3NzaC1yc2EAAAADAQABAAABAQC5zl4u5UBLC3PFBUzrTit1jw+jU0JW1dIw53qw5SkRlo/j6oxBL/mUU9EHmOCPs2XjmI+WoTMpN8L/0bTuhRl1r0mdgXzKSScA6trUNtFTCpq65QhPoj85OKpO8UiLLYD7FYkmi5DvJOYggOh1CblerTFJPLA63WKPm/G72Q+v4tpQZX2I+Kb6R4t9ylf36zyIcpFiiaYiyupVwGQotRx8QaRT1FtVqc3VkOayCXSg8LQlJH5/H+KKdFt0INplACw5ionFHPrcKVI25xKs1X/CvKAfPCXK7zW5GYNjzwa8R/YZzSaIuF90+qyoJJEFYO/iCN54BLxw4mDRPPd5F54x jorgebonilla@ITs-MacBook-Pro.local"
                        },
                        "meta": {
                            "schema_version": "1"
                        },
                        "tainted": false
                    },
                    "deposed": [],
                    "provider": ""
                },
                "aws_route_table.private": {
                    "type": "aws_route_table",
                    "depends_on": [
                        "aws_vpc.main"
                    ],
                    "primary": {
                        "id": "rtb-50aad539",
                        "attributes": {
                            "id": "rtb-50aad539",
                            "propagating_vgws.#": "0",
                            "route.#": "0",
                            "tags.%": "1",
                            "tags.Name": "Private RT",
                            "vpc_id": "vpc-b54b26dc"
                        },
                        "meta": {},
                        "tainted": false
                    },
                    "deposed": [],
                    "provider": ""
                },
                "aws_route_table.public": {
                    "type": "aws_route_table",
                    "depends_on": [
                        "aws_internet_gateway.main",
                        "aws_vpc.main"
                    ],
                    "primary": {
                        "id": "rtb-12acd37b",
                        "attributes": {
                            "id": "rtb-12acd37b",
                            "propagating_vgws.#": "0",
                            "route.#": "1",
                            "route.3230829284.cidr_block": "0.0.0.0/0",
                            "route.3230829284.egress_only_gateway_id": "",
                            "route.3230829284.gateway_id": "igw-bcc17ed5",
                            "route.3230829284.instance_id": "",
                            "route.3230829284.ipv6_cidr_block": "",
                            "route.3230829284.nat_gateway_id": "",
                            "route.3230829284.network_interface_id": "",
                            "route.3230829284.vpc_peering_connection_id": "",
                            "tags.%": "1",
                            "tags.Name": "Public RT",
                            "vpc_id": "vpc-b54b26dc"
                        },
                        "meta": {},
                        "tainted": false
                    },
                    "deposed": [],
                    "provider": ""
                },
                "aws_route_table.r": {
                    "type": "aws_route_table",
                    "depends_on": [
                        "aws_internet_gateway.main",
                        "aws_vpc.main"
                    ],
                    "primary": {
                        "id": "rtb-a2acd3cb",
                        "attributes": {
                            "id": "rtb-a2acd3cb",
                            "propagating_vgws.#": "0",
                            "route.#": "1",
                            "route.3230829284.cidr_block": "0.0.0.0/0",
                            "route.3230829284.egress_only_gateway_id": "",
                            "route.3230829284.gateway_id": "igw-bcc17ed5",
                            "route.3230829284.instance_id": "",
                            "route.3230829284.ipv6_cidr_block": "",
                            "route.3230829284.nat_gateway_id": "",
                            "route.3230829284.network_interface_id": "",
                            "route.3230829284.vpc_peering_connection_id": "",
                            "tags.%": "1",
                            "tags.Name": "Public RT",
                            "vpc_id": "vpc-b54b26dc"
                        },
                        "meta": {},
                        "tainted": false
                    },
                    "deposed": [],
                    "provider": ""
                },
                "aws_route_table_association.private": {
                    "type": "aws_route_table_association",
                    "depends_on": [
                        "aws_route_table.private",
                        "aws_subnet.private"
                    ],
                    "primary": {
                        "id": "rtbassoc-9480a6fd",
                        "attributes": {
                            "id": "rtbassoc-9480a6fd",
                            "route_table_id": "rtb-50aad539",
                            "subnet_id": "subnet-ddf660a6"
                        },
                        "meta": {},
                        "tainted": false
                    },
                    "deposed": [],
                    "provider": ""
                },
                "aws_route_table_association.public": {
                    "type": "aws_route_table_association",
                    "depends_on": [
                        "aws_route_table.public",
                        "aws_subnet.public"
                    ],
                    "primary": {
                        "id": "rtbassoc-498ea820",
                        "attributes": {
                            "id": "rtbassoc-498ea820",
                            "route_table_id": "rtb-12acd37b",
                            "subnet_id": "subnet-7d0d7114"
                        },
                        "meta": {},
                        "tainted": false
                    },
                    "deposed": [],
                    "provider": ""
                },
                "aws_subnet.private": {
                    "type": "aws_subnet",
                    "depends_on": [
                        "aws_vpc.main"
                    ],
                    "primary": {
                        "id": "subnet-ddf660a6",
                        "attributes": {
                            "assign_ipv6_address_on_creation": "false",
                            "availability_zone": "ca-central-1b",
                            "cidr_block": "10.0.2.0/24",
                            "id": "subnet-ddf660a6",
                            "map_public_ip_on_launch": "false",
                            "tags.%": "1",
                            "tags.Name": "Private Subnet",
                            "vpc_id": "vpc-b54b26dc"
                        },
                        "meta": {
                            "schema_version": "1"
                        },
                        "tainted": false
                    },
                    "deposed": [],
                    "provider": ""
                },
                "aws_subnet.public": {
                    "type": "aws_subnet",
                    "depends_on": [
                        "aws_vpc.main"
                    ],
                    "primary": {
                        "id": "subnet-7d0d7114",
                        "attributes": {
                            "assign_ipv6_address_on_creation": "false",
                            "availability_zone": "ca-central-1a",
                            "cidr_block": "10.0.1.0/24",
                            "id": "subnet-7d0d7114",
                            "map_public_ip_on_launch": "false",
                            "tags.%": "1",
                            "tags.Name": "Public Subnet",
                            "vpc_id": "vpc-b54b26dc"
                        },
                        "meta": {
                            "schema_version": "1"
                        },
                        "tainted": false
                    },
                    "deposed": [],
                    "provider": ""
                },
                "aws_vpc.main": {
                    "type": "aws_vpc",
                    "depends_on": [],
                    "primary": {
                        "id": "vpc-b54b26dc",
                        "attributes": {
                            "assign_generated_ipv6_cidr_block": "false",
                            "cidr_block": "10.0.0.0/16",
                            "default_network_acl_id": "acl-963041ff",
                            "default_route_table_id": "rtb-1babd472",
                            "default_security_group_id": "sg-92eed7fb",
                            "dhcp_options_id": "dopt-a141c8c8",
                            "enable_dns_hostnames": "true",
                            "enable_dns_support": "true",
                            "id": "vpc-b54b26dc",
                            "instance_tenancy": "default",
                            "main_route_table_id": "rtb-1babd472",
                            "tags.%": "1",
                            "tags.Name": "test_vpc_ca-central-1"
                        },
                        "meta": {
                            "schema_version": "1"
                        },
                        "tainted": false
                    },
                    "deposed": [],
                    "provider": ""
                }
            },
            "depends_on": []
        },
        {
            "path": [
                "root",
                "vpc-west"
            ],
            "outputs": {
                "private_subnet_id": {
                    "sensitive": false,
                    "type": "string",
                    "value": "subnet-dc856dbb"
                },
                "public_subnet_id": {
                    "sensitive": false,
                    "type": "string",
                    "value": "subnet-c2876fa5"
                },
                "vpc_id": {
                    "sensitive": false,
                    "type": "string",
                    "value": "vpc-ded69fba"
                }
            },
            "resources": {},
            "depends_on": []
        },
        {
            "path": [
                "root",
                "windows"
            ],
            "outputs": {
                "private-ip": {
                    "sensitive": false,
                    "type": "string",
                    "value": "192.168.1.181"
                },
                "public-ip": {
                    "sensitive": false,
                    "type": "string",
                    "value": ""
                }
            },
            "resources": {
                "aws_eip.windows_eip": {
                    "type": "aws_eip",
                    "depends_on": [],
                    "primary": {
                        "id": "eipalloc-2eed8000",
                        "attributes": {
                            "association_id": "",
                            "domain": "vpc",
                            "id": "eipalloc-2eed8000",
                            "instance": "",
                            "network_interface": "",
                            "private_ip": "",
                            "public_ip": "35.182.221.252",
                            "vpc": "true"
                        },
                        "meta": {},
                        "tainted": false
                    },
                    "deposed": [],
                    "provider": ""
                },
                "aws_eip_association.eip_assoc": {
                    "type": "aws_eip_association",
                    "depends_on": [
                        "aws_eip.windows_eip",
                        "aws_instance.windows"
                    ],
                    "primary": {
                        "id": "eipassoc-c4a6cdea",
                        "attributes": {
                            "allocation_id": "eipalloc-2eed8000",
                            "id": "eipassoc-c4a6cdea",
                            "instance_id": "i-03343cb3ee7289bcc",
                            "network_interface_id": "eni-46f6b514",
                            "private_ip_address": "192.168.1.181",
                            "public_ip": "35.182.221.252"
                        },
                        "meta": {},
                        "tainted": false
                    },
                    "deposed": [],
                    "provider": ""
                },
                "aws_instance.windows": {
                    "type": "aws_instance",
                    "depends_on": [
                        "aws_network_interface.eni-controller"
                    ],
                    "primary": {
                        "id": "i-03343cb3ee7289bcc",
                        "attributes": {
                            "ami": "ami-cad46aae",
                            "associate_public_ip_address": "false",
                            "availability_zone": "ca-central-1b",
                            "disable_api_termination": "false",
                            "ebs_block_device.#": "0",
                            "ebs_optimized": "false",
                            "ephemeral_block_device.#": "0",
                            "iam_instance_profile": "",
                            "id": "i-03343cb3ee7289bcc",
                            "instance_state": "running",
                            "instance_type": "t2.micro",
                            "ipv6_addresses.#": "0",
                            "key_name": "AviatrixDemo",
                            "monitoring": "false",
                            "network_interface.#": "1",
                            "network_interface.2819237710.delete_on_termination": "false",
                            "network_interface.2819237710.device_index": "0",
                            "network_interface.2819237710.network_interface_id": "eni-46f6b514",
                            "network_interface_id": "eni-46f6b514",
                            "primary_network_interface_id": "eni-46f6b514",
                            "private_dns": "ip-192-168-1-181.ca-central-1.compute.internal",
                            "private_ip": "192.168.1.181",
                            "public_dns": "",
                            "public_ip": "",
                            "root_block_device.#": "1",
                            "root_block_device.0.delete_on_termination": "true",
                            "root_block_device.0.iops": "100",
                            "root_block_device.0.volume_size": "30",
                            "root_block_device.0.volume_type": "gp2",
                            "security_groups.#": "0",
                            "source_dest_check": "true",
                            "subnet_id": "subnet-7ff66004",
                            "tags.%": "1",
                            "tags.Name": "windows",
                            "tenancy": "default",
                            "volume_tags.%": "0",
                            "vpc_security_group_ids.#": "1",
                            "vpc_security_group_ids.2894490507": "sg-cdeed7a4"
                        },
                        "meta": {
                            "e2bfb730-ecaa-11e6-8f88-34363bc7c4c0": {
                                "create": 600000000000,
                                "delete": 600000000000,
                                "update": 600000000000
                            },
                            "schema_version": "1"
                        },
                        "tainted": false
                    },
                    "deposed": [],
                    "provider": ""
                },
                "aws_network_interface.eni-controller": {
                    "type": "aws_network_interface",
                    "depends_on": [
                        "aws_security_group.windows-sg"
                    ],
                    "primary": {
                        "id": "eni-46f6b514",
                        "attributes": {
                            "attachment.#": "0",
                            "description": "",
                            "id": "eni-46f6b514",
                            "private_ip": "192.168.1.181",
                            "private_ips.#": "1",
                            "private_ips.504349766": "192.168.1.181",
                            "security_groups.#": "1",
                            "security_groups.2894490507": "sg-cdeed7a4",
                            "source_dest_check": "true",
                            "subnet_id": "subnet-7ff66004",
                            "tags.%": "1",
                            "tags.Name": " windows interface"
                        },
                        "meta": {},
                        "tainted": false
                    },
                    "deposed": [],
                    "provider": ""
                },
                "aws_security_group.windows-sg": {
                    "type": "aws_security_group",
                    "depends_on": [],
                    "primary": {
                        "id": "sg-cdeed7a4",
                        "attributes": {
                            "description": "windows - Security Group",
                            "egress.#": "1",
                            "egress.482069346.cidr_blocks.#": "1",
                            "egress.482069346.cidr_blocks.0": "0.0.0.0/0",
                            "egress.482069346.from_port": "0",
                            "egress.482069346.ipv6_cidr_blocks.#": "0",
                            "egress.482069346.prefix_list_ids.#": "0",
                            "egress.482069346.protocol": "-1",
                            "egress.482069346.security_groups.#": "0",
                            "egress.482069346.self": "false",
                            "egress.482069346.to_port": "0",
                            "id": "sg-cdeed7a4",
                            "ingress.#": "1",
                            "ingress.482069346.cidr_blocks.#": "1",
                            "ingress.482069346.cidr_blocks.0": "0.0.0.0/0",
                            "ingress.482069346.from_port": "0",
                            "ingress.482069346.ipv6_cidr_blocks.#": "0",
                            "ingress.482069346.protocol": "-1",
                            "ingress.482069346.security_groups.#": "0",
                            "ingress.482069346.self": "false",
                            "ingress.482069346.to_port": "0",
                            "name": "windows-sg",
                            "owner_id": "783781900519",
                            "tags.%": "1",
                            "tags.Name": "windows-SG",
                            "vpc_id": "vpc-d34825ba"
                        },
                        "meta": {},
                        "tainted": false
                    },
                    "deposed": [],
                    "provider": ""
                }
            },
            "depends_on": []
        }
    ]
}
